
Microsoft Visual Studio Solution File, Format Version 10.00
# Visual C# Express 2008
Project("{FAE04EC0-301F-11D3-BF4B-00C04F79EFBC}") = "NSIAService", "ManagerService\NSIAService.csproj", "{3198D2A5-8698-41D7-88AE-CE81DDFBD29B}"
EndProject
Global
	GlobalSection(SolutionConfigurationPlatforms) = preSolution
		Debug|Any CPU = Debug|Any CPU
		Release|Any CPU = Release|Any CPU
	EndGlobalSection
	GlobalSection(ProjectConfigurationPlatforms) = postSolution
		{3198D2A5-8698-41D7-88AE-CE81DDFBD29B}.Debug|Any CPU.ActiveCfg = Debug|Any CPU
		{3198D2A5-8698-41D7-88AE-CE81DDFBD29B}.Debug|Any CPU.Build.0 = Debug|Any CPU
		{3198D2A5-8698-41D7-88AE-CE81DDFBD29B}.Release|Any CPU.ActiveCfg = Release|Any CPU
		{3198D2A5-8698-41D7-88AE-CE81DDFBD29B}.Release|Any CPU.Build.0 = Release|Any CPU
	EndGlobalSection
	GlobalSection(SolutionProperties) = preSolution
		HideSolutionNode = FALSE
	EndGlobalSection
EndGlobal
